
Microsoft Visual Studio Solution File, Format Version 12.00
# Visual Studio Version 16
VisualStudioVersion = 16.0.29215.179
MinimumVisualStudioVersion = 10.0.40219.1
Project("{2150E333-8FDC-42A3-9474-1A3956D46DE8}") = "src", "src", "{AFAA0841-BD93-466F-B8F4-FB4EEC86F1FC}"
EndProject
Project("{2150E333-8FDC-42A3-9474-1A3956D46DE8}") = "test", "test", "{F10AA149-2626-486E-85BB-9CD5365F3016}"
EndProject
Project("{9A19103F-16F7-4668-BE54-9A1E7A4F7556}") = "TtWork.ProjectName.Core", "src\TtWork.ProjectName.Core\TtWork.ProjectName.Core.csproj", "{0FA75A5B-AB83-4FD0-B545-279774C01E87}"
EndProject
Project("{9A19103F-16F7-4668-BE54-9A1E7A4F7556}") = "TtWork.ProjectName.Application", "src\TtWork.ProjectName.Application\TtWork.ProjectName.Application.csproj", "{3870C648-4AEA-4B85-BA3F-F2F63B96136A}"
EndProject
Project("{9A19103F-16F7-4668-BE54-9A1E7A4F7556}") = "TtWork.ProjectName.Tests", "test\TtWork.ProjectName.Tests\TtWork.ProjectName.Tests.csproj", "{0D4C5D00-C144-4213-A007-4B8944113AB1}"
EndProject
Project("{9A19103F-16F7-4668-BE54-9A1E7A4F7556}") = "TtWork.ProjectName.Migrator", "src\TtWork.ProjectName.Migrator\TtWork.ProjectName.Migrator.csproj", "{880B3591-E057-46FE-B525-10BD83828B93}"
EndProject
Project("{9A19103F-16F7-4668-BE54-9A1E7A4F7556}") = "TtWork.ProjectName.Web.Host", "src\TtWork.ProjectName.Web.Host\TtWork.ProjectName.Web.Host.csproj", "{38E184BD-E874-4633-A947-AED4FDB73F40}"
EndProject
Project("{9A19103F-16F7-4668-BE54-9A1E7A4F7556}") = "TtWork.ProjectName.Web.Core", "src\TtWork.ProjectName.Web.Core\TtWork.ProjectName.Web.Core.csproj", "{22CFE0D2-8DCA-42D7-AD7D-784C3862493F}"
EndProject
Project("{9A19103F-16F7-4668-BE54-9A1E7A4F7556}") = "TtWork.ProjectName.EntityFrameworkCore", "src\TtWork.ProjectName.EntityFrameworkCore\TtWork.ProjectName.EntityFrameworkCore.csproj", "{E0580562-F8F2-4EBB-B07A-ABFC6F2C314F}"
EndProject
Project("{9A19103F-16F7-4668-BE54-9A1E7A4F7556}") = "TTWork.Lib", "Modules\TTWork.Lib\TTWork.Lib.csproj", "{FF1C13B0-62AD-495F-81F6-3ADE0A72FCFA}"
EndProject
Project("{2150E333-8FDC-42A3-9474-1A3956D46DE8}") = "Modules", "Modules", "{BF8E971F-B2D3-41F9-A2E7-1AE5B06AED94}"
EndProject
Project("{FAE04EC0-301F-11D3-BF4B-00C04F79EFBC}") = "TTWork.Abp.Oss.UpYun", "Modules\TTWork.Abp.Oss.UpYun\TTWork.Abp.Oss.UpYun.csproj", "{B65571A4-8711-4880-B952-F4AE4D35F834}"
EndProject
Project("{FAE04EC0-301F-11D3-BF4B-00C04F79EFBC}") = "TTWork.Abp.Core", "Modules\TTWork.Abp.Core\TTWork.Abp.Core.csproj", "{11FEFB3D-F217-4285-A7E6-C84BD5ABB4B1}"
EndProject
Project("{FAE04EC0-301F-11D3-BF4B-00C04F79EFBC}") = "TTWork.Abp.AuditManagement", "Modules\TTWork.Abp.AuditManagement\TTWork.Abp.AuditManagement.csproj", "{583E1C50-34F1-4732-9FF5-9AC56F85045E}"
EndProject

Project("{FAE04EC0-301F-11D3-BF4B-00C04F79EFBC}") = "TTWork.Abp.AppManagement", "Modules\TTWork.Abp.AppManagement\TTWork.Abp.AppManagement.csproj", "{5C7594D6-BB7D-49FA-B50C-930D29BF75B3}"
EndProject
Project("{FAE04EC0-301F-11D3-BF4B-00C04F79EFBC}") = "TTWork.Abp.FeatureManagement", "Modules\TTWork.Abp.FeatureManagement\TTWork.Abp.FeatureManagement.csproj", "{FF3B3786-3ABE-4377-BAAD-E950AA54F85C}"
EndProject
Project("{FAE04EC0-301F-11D3-BF4B-00C04F79EFBC}") = "TTWork.Abp.WorkFlowCore", "Modules\TTWork.Abp.WorkFlowCore\TTWork.Abp.WorkFlowCore.csproj", "{73211701-E837-4C2F-9B92-70DC656D847D}"
EndProject
Project("{2150E333-8FDC-42A3-9474-1A3956D46DE8}") = "AwsomApi", "AwsomApi", "{431E573D-11B5-4DF9-B4FE-64B6DE286465}"
EndProject
Project("{FAE04EC0-301F-11D3-BF4B-00C04F79EFBC}") = "AwsomeApi.DingTalk", "AwsomApi\AwsomeApi.DingTalk\AwsomeApi.DingTalk.csproj", "{465233B2-7D0E-4737-8CF9-30E43089EE7D}"
EndProject
Project("{FAE04EC0-301F-11D3-BF4B-00C04F79EFBC}") = "TTWork.WeiXinMiddleware", "src\TTWork.WeiXinMiddleware\TTWork.WeiXinMiddleware.csproj", "{E2FA2BDB-C4DF-48AE-BD85-F95748792F38}"
EndProject
Project("{2150E333-8FDC-42A3-9474-1A3956D46DE8}") = "Project", "Project", "{84528D76-3AAA-4AA9-8895-3B550AEBB231}"
EndProject
Project("{FAE04EC0-301F-11D3-BF4B-00C04F79EFBC}") = "AwsomeApi.WeixinWork", "AwsomApi\AwsomeApi.WeixinWork\AwsomeApi.WeixinWork.csproj", "{465B170E-F291-4112-A9F0-0AA1B17B7092}"
EndProject
Project("{FAE04EC0-301F-11D3-BF4B-00C04F79EFBC}") = "TTWork.Abp.Activity", "Projects\TTWork.Abp.Activity\TTWork.Abp.Activity.csproj", "{8D963333-3398-4B1D-AE17-4A60E539C450}"
EndProject
Project("{FAE04EC0-301F-11D3-BF4B-00C04F79EFBC}") = "TT.Abp.OfficeOpenXml", "Modules\TT.Abp.OfficeOpenXml\TT.Abp.OfficeOpenXml.csproj", "{B388F6CF-B6F6-4BDC-99E6-416E4F10CAE0}"
EndProject
Global
	GlobalSection(SolutionConfigurationPlatforms) = preSolution
		Debug|Any CPU = Debug|Any CPU
		Release|Any CPU = Release|Any CPU
	EndGlobalSection
	GlobalSection(ProjectConfigurationPlatforms) = postSolution
		{0FA75A5B-AB83-4FD0-B545-279774C01E87}.Debug|Any CPU.ActiveCfg = Debug|Any CPU
		{0FA75A5B-AB83-4FD0-B545-279774C01E87}.Debug|Any CPU.Build.0 = Debug|Any CPU
		{0FA75A5B-AB83-4FD0-B545-279774C01E87}.Release|Any CPU.ActiveCfg = Release|Any CPU
		{0FA75A5B-AB83-4FD0-B545-279774C01E87}.Release|Any CPU.Build.0 = Release|Any CPU
		{3870C648-4AEA-4B85-BA3F-F2F63B96136A}.Debug|Any CPU.ActiveCfg = Debug|Any CPU
		{3870C648-4AEA-4B85-BA3F-F2F63B96136A}.Debug|Any CPU.Build.0 = Debug|Any CPU
		{3870C648-4AEA-4B85-BA3F-F2F63B96136A}.Release|Any CPU.ActiveCfg = Release|Any CPU
		{3870C648-4AEA-4B85-BA3F-F2F63B96136A}.Release|Any CPU.Build.0 = Release|Any CPU
		{0D4C5D00-C144-4213-A007-4B8944113AB1}.Debug|Any CPU.ActiveCfg = Debug|Any CPU
		{0D4C5D00-C144-4213-A007-4B8944113AB1}.Debug|Any CPU.Build.0 = Debug|Any CPU
		{0D4C5D00-C144-4213-A007-4B8944113AB1}.Release|Any CPU.ActiveCfg = Release|Any CPU
		{0D4C5D00-C144-4213-A007-4B8944113AB1}.Release|Any CPU.Build.0 = Release|Any CPU
		{880B3591-E057-46FE-B525-10BD83828B93}.Debug|Any CPU.ActiveCfg = Debug|Any CPU
		{880B3591-E057-46FE-B525-10BD83828B93}.Debug|Any CPU.Build.0 = Debug|Any CPU
		{880B3591-E057-46FE-B525-10BD83828B93}.Release|Any CPU.ActiveCfg = Release|Any CPU
		{880B3591-E057-46FE-B525-10BD83828B93}.Release|Any CPU.Build.0 = Release|Any CPU
		{38E184BD-E874-4633-A947-AED4FDB73F40}.Debug|Any CPU.ActiveCfg = Debug|Any CPU
		{38E184BD-E874-4633-A947-AED4FDB73F40}.Debug|Any CPU.Build.0 = Debug|Any CPU
		{38E184BD-E874-4633-A947-AED4FDB73F40}.Release|Any CPU.ActiveCfg = Release|Any CPU
		{38E184BD-E874-4633-A947-AED4FDB73F40}.Release|Any CPU.Build.0 = Release|Any CPU
		{22CFE0D2-8DCA-42D7-AD7D-784C3862493F}.Debug|Any CPU.ActiveCfg = Debug|Any CPU
		{22CFE0D2-8DCA-42D7-AD7D-784C3862493F}.Debug|Any CPU.Build.0 = Debug|Any CPU
		{22CFE0D2-8DCA-42D7-AD7D-784C3862493F}.Release|Any CPU.ActiveCfg = Release|Any CPU
		{22CFE0D2-8DCA-42D7-AD7D-784C3862493F}.Release|Any CPU.Build.0 = Release|Any CPU
		{E0580562-F8F2-4EBB-B07A-ABFC6F2C314F}.Debug|Any CPU.ActiveCfg = Debug|Any CPU
		{E0580562-F8F2-4EBB-B07A-ABFC6F2C314F}.Debug|Any CPU.Build.0 = Debug|Any CPU
		{E0580562-F8F2-4EBB-B07A-ABFC6F2C314F}.Release|Any CPU.ActiveCfg = Release|Any CPU
		{E0580562-F8F2-4EBB-B07A-ABFC6F2C314F}.Release|Any CPU.Build.0 = Release|Any CPU
		{FF1C13B0-62AD-495F-81F6-3ADE0A72FCFA}.Debug|Any CPU.ActiveCfg = Debug|Any CPU
		{FF1C13B0-62AD-495F-81F6-3ADE0A72FCFA}.Debug|Any CPU.Build.0 = Debug|Any CPU
		{FF1C13B0-62AD-495F-81F6-3ADE0A72FCFA}.Release|Any CPU.ActiveCfg = Release|Any CPU
		{FF1C13B0-62AD-495F-81F6-3ADE0A72FCFA}.Release|Any CPU.Build.0 = Release|Any CPU
		{B65571A4-8711-4880-B952-F4AE4D35F834}.Debug|Any CPU.ActiveCfg = Debug|Any CPU
		{B65571A4-8711-4880-B952-F4AE4D35F834}.Debug|Any CPU.Build.0 = Debug|Any CPU
		{B65571A4-8711-4880-B952-F4AE4D35F834}.Release|Any CPU.ActiveCfg = Release|Any CPU
		{B65571A4-8711-4880-B952-F4AE4D35F834}.Release|Any CPU.Build.0 = Release|Any CPU
		{11FEFB3D-F217-4285-A7E6-C84BD5ABB4B1}.Debug|Any CPU.ActiveCfg = Debug|Any CPU
		{11FEFB3D-F217-4285-A7E6-C84BD5ABB4B1}.Debug|Any CPU.Build.0 = Debug|Any CPU
		{11FEFB3D-F217-4285-A7E6-C84BD5ABB4B1}.Release|Any CPU.ActiveCfg = Release|Any CPU
		{11FEFB3D-F217-4285-A7E6-C84BD5ABB4B1}.Release|Any CPU.Build.0 = Release|Any CPU
		{583E1C50-34F1-4732-9FF5-9AC56F85045E}.Debug|Any CPU.ActiveCfg = Debug|Any CPU
		{583E1C50-34F1-4732-9FF5-9AC56F85045E}.Debug|Any CPU.Build.0 = Debug|Any CPU
		{583E1C50-34F1-4732-9FF5-9AC56F85045E}.Release|Any CPU.ActiveCfg = Release|Any CPU
		{583E1C50-34F1-4732-9FF5-9AC56F85045E}.Release|Any CPU.Build.0 = Release|Any CPU
		{5C7594D6-BB7D-49FA-B50C-930D29BF75B3}.Debug|Any CPU.ActiveCfg = Debug|Any CPU
		{5C7594D6-BB7D-49FA-B50C-930D29BF75B3}.Debug|Any CPU.Build.0 = Debug|Any CPU
		{5C7594D6-BB7D-49FA-B50C-930D29BF75B3}.Release|Any CPU.ActiveCfg = Release|Any CPU
		{5C7594D6-BB7D-49FA-B50C-930D29BF75B3}.Release|Any CPU.Build.0 = Release|Any CPU
		{FF3B3786-3ABE-4377-BAAD-E950AA54F85C}.Debug|Any CPU.ActiveCfg = Debug|Any CPU
		{FF3B3786-3ABE-4377-BAAD-E950AA54F85C}.Debug|Any CPU.Build.0 = Debug|Any CPU
		{FF3B3786-3ABE-4377-BAAD-E950AA54F85C}.Release|Any CPU.ActiveCfg = Release|Any CPU
		{FF3B3786-3ABE-4377-BAAD-E950AA54F85C}.Release|Any CPU.Build.0 = Release|Any CPU
		{73211701-E837-4C2F-9B92-70DC656D847D}.Debug|Any CPU.ActiveCfg = Debug|Any CPU
		{73211701-E837-4C2F-9B92-70DC656D847D}.Debug|Any CPU.Build.0 = Debug|Any CPU
		{73211701-E837-4C2F-9B92-70DC656D847D}.Release|Any CPU.ActiveCfg = Release|Any CPU
		{73211701-E837-4C2F-9B92-70DC656D847D}.Release|Any CPU.Build.0 = Release|Any CPU
		{465233B2-7D0E-4737-8CF9-30E43089EE7D}.Debug|Any CPU.ActiveCfg = Debug|Any CPU
		{465233B2-7D0E-4737-8CF9-30E43089EE7D}.Debug|Any CPU.Build.0 = Debug|Any CPU
		{465233B2-7D0E-4737-8CF9-30E43089EE7D}.Release|Any CPU.ActiveCfg = Release|Any CPU
		{465233B2-7D0E-4737-8CF9-30E43089EE7D}.Release|Any CPU.Build.0 = Release|Any CPU
		{E2FA2BDB-C4DF-48AE-BD85-F95748792F38}.Debug|Any CPU.ActiveCfg = Debug|Any CPU
		{E2FA2BDB-C4DF-48AE-BD85-F95748792F38}.Debug|Any CPU.Build.0 = Debug|Any CPU
		{E2FA2BDB-C4DF-48AE-BD85-F95748792F38}.Release|Any CPU.ActiveCfg = Release|Any CPU
		{E2FA2BDB-C4DF-48AE-BD85-F95748792F38}.Release|Any CPU.Build.0 = Release|Any CPU
		{465B170E-F291-4112-A9F0-0AA1B17B7092}.Debug|Any CPU.ActiveCfg = Debug|Any CPU
		{465B170E-F291-4112-A9F0-0AA1B17B7092}.Debug|Any CPU.Build.0 = Debug|Any CPU
		{465B170E-F291-4112-A9F0-0AA1B17B7092}.Release|Any CPU.ActiveCfg = Release|Any CPU
		{465B170E-F291-4112-A9F0-0AA1B17B7092}.Release|Any CPU.Build.0 = Release|Any CPU
		{8D963333-3398-4B1D-AE17-4A60E539C450}.Debug|Any CPU.ActiveCfg = Debug|Any CPU
		{8D963333-3398-4B1D-AE17-4A60E539C450}.Debug|Any CPU.Build.0 = Debug|Any CPU
		{8D963333-3398-4B1D-AE17-4A60E539C450}.Release|Any CPU.ActiveCfg = Release|Any CPU
		{8D963333-3398-4B1D-AE17-4A60E539C450}.Release|Any CPU.Build.0 = Release|Any CPU
		{B388F6CF-B6F6-4BDC-99E6-416E4F10CAE0}.Debug|Any CPU.ActiveCfg = Debug|Any CPU
		{B388F6CF-B6F6-4BDC-99E6-416E4F10CAE0}.Debug|Any CPU.Build.0 = Debug|Any CPU
		{B388F6CF-B6F6-4BDC-99E6-416E4F10CAE0}.Release|Any CPU.ActiveCfg = Release|Any CPU
		{B388F6CF-B6F6-4BDC-99E6-416E4F10CAE0}.Release|Any CPU.Build.0 = Release|Any CPU
	EndGlobalSection
	GlobalSection(SolutionProperties) = preSolution
		HideSolutionNode = FALSE
	EndGlobalSection
	GlobalSection(NestedProjects) = preSolution
		{0FA75A5B-AB83-4FD0-B545-279774C01E87} = {AFAA0841-BD93-466F-B8F4-FB4EEC86F1FC}
		{3870C648-4AEA-4B85-BA3F-F2F63B96136A} = {AFAA0841-BD93-466F-B8F4-FB4EEC86F1FC}
		{0D4C5D00-C144-4213-A007-4B8944113AB1} = {F10AA149-2626-486E-85BB-9CD5365F3016}
		{880B3591-E057-46FE-B525-10BD83828B93} = {AFAA0841-BD93-466F-B8F4-FB4EEC86F1FC}
		{38E184BD-E874-4633-A947-AED4FDB73F40} = {AFAA0841-BD93-466F-B8F4-FB4EEC86F1FC}
		{22CFE0D2-8DCA-42D7-AD7D-784C3862493F} = {AFAA0841-BD93-466F-B8F4-FB4EEC86F1FC}
		{E0580562-F8F2-4EBB-B07A-ABFC6F2C314F} = {AFAA0841-BD93-466F-B8F4-FB4EEC86F1FC}
		{B65571A4-8711-4880-B952-F4AE4D35F834} = {BF8E971F-B2D3-41F9-A2E7-1AE5B06AED94}
		{11FEFB3D-F217-4285-A7E6-C84BD5ABB4B1} = {BF8E971F-B2D3-41F9-A2E7-1AE5B06AED94}
		{583E1C50-34F1-4732-9FF5-9AC56F85045E} = {BF8E971F-B2D3-41F9-A2E7-1AE5B06AED94}
		{5C7594D6-BB7D-49FA-B50C-930D29BF75B3} = {BF8E971F-B2D3-41F9-A2E7-1AE5B06AED94}
		{FF3B3786-3ABE-4377-BAAD-E950AA54F85C} = {BF8E971F-B2D3-41F9-A2E7-1AE5B06AED94}
		{FF1C13B0-62AD-495F-81F6-3ADE0A72FCFA} = {BF8E971F-B2D3-41F9-A2E7-1AE5B06AED94}
		{73211701-E837-4C2F-9B92-70DC656D847D} = {BF8E971F-B2D3-41F9-A2E7-1AE5B06AED94}
		{465233B2-7D0E-4737-8CF9-30E43089EE7D} = {431E573D-11B5-4DF9-B4FE-64B6DE286465}
		{E2FA2BDB-C4DF-48AE-BD85-F95748792F38} = {BF8E971F-B2D3-41F9-A2E7-1AE5B06AED94}
		{465B170E-F291-4112-A9F0-0AA1B17B7092} = {431E573D-11B5-4DF9-B4FE-64B6DE286465}
		{8D963333-3398-4B1D-AE17-4A60E539C450} = {84528D76-3AAA-4AA9-8895-3B550AEBB231}
		{B388F6CF-B6F6-4BDC-99E6-416E4F10CAE0} = {BF8E971F-B2D3-41F9-A2E7-1AE5B06AED94}
	EndGlobalSection
	GlobalSection(ExtensibilityGlobals) = postSolution
		SolutionGuid = {E9F1E456-367A-49C4-B2F0-591961B5A1B4}
	EndGlobalSection
EndGlobal
